
Microsoft Visual Studio Solution File, Format Version 12.00
# Visual Studio Version 16
VisualStudioVersion = 16.0.32106.194
MinimumVisualStudioVersion = 10.0.40219.1
Project("{FAE04EC0-301F-11D3-BF4B-00C04F79EFBC}") = "APSFizzBuzz", "APSFizzBuzz\APSFizzBuzz.csproj", "{F9535EF8-B371-44C4-8AE6-E08CBEEB33EC}"
EndProject
Global
	GlobalSection(SolutionConfigurationPlatforms) = preSolution
		Debug|Any CPU = Debug|Any CPU
		Release|Any CPU = Release|Any CPU
	EndGlobalSection
	GlobalSection(ProjectConfigurationPlatforms) = postSolution
		{F9535EF8-B371-44C4-8AE6-E08CBEEB33EC}.Debug|Any CPU.ActiveCfg = Debug|Any CPU
		{F9535EF8-B371-44C4-8AE6-E08CBEEB33EC}.Debug|Any CPU.Build.0 = Debug|Any CPU
		{F9535EF8-B371-44C4-8AE6-E08CBEEB33EC}.Release|Any CPU.ActiveCfg = Release|Any CPU
		{F9535EF8-B371-44C4-8AE6-E08CBEEB33EC}.Release|Any CPU.Build.0 = Release|Any CPU
	EndGlobalSection
	GlobalSection(SolutionProperties) = preSolution
		HideSolutionNode = FALSE
	EndGlobalSection
	GlobalSection(ExtensibilityGlobals) = postSolution
		SolutionGuid = {37193D93-0B40-4C4B-B35B-91A7E772B8C2}
	EndGlobalSection
EndGlobal
